
Microsoft Visual Studio Solution File, Format Version 12.00
# Visual Studio 15
Project("{FAE04EC0-301F-11D3-BF4B-00C04F79EFBC}") = "Assembly-CSharp", "Assembly-CSharp.csproj", "{C660773D-9E9A-086D-9FB3-B51FFF05CBAD}"
EndProject
Project("{FAE04EC0-301F-11D3-BF4B-00C04F79EFBC}") = "Assembly-CSharp-Editor", "Assembly-CSharp-Editor.csproj", "{59331684-5DF5-D22A-3621-31365A4604C3}"
EndProject
Global
	GlobalSection(SolutionConfigurationPlatforms) = preSolution
		Debug|Any CPU = Debug|Any CPU
		Release|Any CPU = Release|Any CPU
	EndGlobalSection
	GlobalSection(ProjectConfigurationPlatforms) = postSolution
		{C660773D-9E9A-086D-9FB3-B51FFF05CBAD}.Debug|Any CPU.ActiveCfg = Debug|Any CPU
		{C660773D-9E9A-086D-9FB3-B51FFF05CBAD}.Debug|Any CPU.Build.0 = Debug|Any CPU
		{C660773D-9E9A-086D-9FB3-B51FFF05CBAD}.Release|Any CPU.ActiveCfg = Release|Any CPU
		{C660773D-9E9A-086D-9FB3-B51FFF05CBAD}.Release|Any CPU.Build.0 = Release|Any CPU
		{59331684-5DF5-D22A-3621-31365A4604C3}.Debug|Any CPU.ActiveCfg = Debug|Any CPU
		{59331684-5DF5-D22A-3621-31365A4604C3}.Debug|Any CPU.Build.0 = Debug|Any CPU
		{59331684-5DF5-D22A-3621-31365A4604C3}.Release|Any CPU.ActiveCfg = Release|Any CPU
		{59331684-5DF5-D22A-3621-31365A4604C3}.Release|Any CPU.Build.0 = Release|Any CPU
	EndGlobalSection
	GlobalSection(SolutionProperties) = preSolution
		HideSolutionNode = FALSE
	EndGlobalSection
	GlobalSection(MonoDevelopProperties) = preSolution
		StartupItem = Assembly-CSharp.csproj
	EndGlobalSection
EndGlobal
